
Microsoft Visual Studio Solution File, Format Version 12.00
# Visual Studio Version 17
VisualStudioVersion = 17.7.34031.279
MinimumVisualStudioVersion = 10.0.40219.1
Project("{FAE04EC0-301F-11D3-BF4B-00C04F79EFBC}") = "FA.JustBlog.Application", "FA.JustBlog.Application\FA.JustBlog.Application.csproj", "{E496A7F3-7877-4E4B-87A9-E642723592B5}"
EndProject
Project("{FAE04EC0-301F-11D3-BF4B-00C04F79EFBC}") = "FA.JustBlog.Core", "FA.JustBlog.Core\FA.JustBlog.Core.csproj", "{E8339354-7A8A-456D-84FB-1B064843C487}"
EndProject
Project("{FAE04EC0-301F-11D3-BF4B-00C04F79EFBC}") = "FA.JustBlog.Website", "FA.JustBlog.Website\FA.JustBlog.Website.csproj", "{F43AD258-6298-4D4A-A0EE-C299BE66BAEC}"
EndProject
Global
	GlobalSection(SolutionConfigurationPlatforms) = preSolution
		Debug|Any CPU = Debug|Any CPU
		Release|Any CPU = Release|Any CPU
	EndGlobalSection
	GlobalSection(ProjectConfigurationPlatforms) = postSolution
		{E496A7F3-7877-4E4B-87A9-E642723592B5}.Debug|Any CPU.ActiveCfg = Debug|Any CPU
		{E496A7F3-7877-4E4B-87A9-E642723592B5}.Debug|Any CPU.Build.0 = Debug|Any CPU
		{E496A7F3-7877-4E4B-87A9-E642723592B5}.Release|Any CPU.ActiveCfg = Release|Any CPU
		{E496A7F3-7877-4E4B-87A9-E642723592B5}.Release|Any CPU.Build.0 = Release|Any CPU
		{E8339354-7A8A-456D-84FB-1B064843C487}.Debug|Any CPU.ActiveCfg = Debug|Any CPU
		{E8339354-7A8A-456D-84FB-1B064843C487}.Debug|Any CPU.Build.0 = Debug|Any CPU
		{E8339354-7A8A-456D-84FB-1B064843C487}.Release|Any CPU.ActiveCfg = Release|Any CPU
		{E8339354-7A8A-456D-84FB-1B064843C487}.Release|Any CPU.Build.0 = Release|Any CPU
		{F43AD258-6298-4D4A-A0EE-C299BE66BAEC}.Debug|Any CPU.ActiveCfg = Debug|Any CPU
		{F43AD258-6298-4D4A-A0EE-C299BE66BAEC}.Debug|Any CPU.Build.0 = Debug|Any CPU
		{F43AD258-6298-4D4A-A0EE-C299BE66BAEC}.Release|Any CPU.ActiveCfg = Release|Any CPU
		{F43AD258-6298-4D4A-A0EE-C299BE66BAEC}.Release|Any CPU.Build.0 = Release|Any CPU
	EndGlobalSection
	GlobalSection(SolutionProperties) = preSolution
		HideSolutionNode = FALSE
	EndGlobalSection
	GlobalSection(ExtensibilityGlobals) = postSolution
		SolutionGuid = {4FC66A68-0653-4F25-8CF0-C92D4928F796}
	EndGlobalSection
EndGlobal
